
Microsoft Visual Studio Solution File, Format Version 12.00
# Visual Studio Version 17
VisualStudioVersion = 17.5.002.0
MinimumVisualStudioVersion = 10.0.40219.1
Project("{9A19103F-16F7-4668-BE54-9A1E7A4F7556}") = "DesafioFundamentos", "DesafioFundamentos.csproj", "{FDA6E7CF-3925-49AF-9C7E-FB00ECD6751A}"
EndProject
Global
	GlobalSection(SolutionConfigurationPlatforms) = preSolution
		Debug|Any CPU = Debug|Any CPU
		Release|Any CPU = Release|Any CPU
	EndGlobalSection
	GlobalSection(ProjectConfigurationPlatforms) = postSolution
		{FDA6E7CF-3925-49AF-9C7E-FB00ECD6751A}.Debug|Any CPU.ActiveCfg = Debug|Any CPU
		{FDA6E7CF-3925-49AF-9C7E-FB00ECD6751A}.Debug|Any CPU.Build.0 = Debug|Any CPU
		{FDA6E7CF-3925-49AF-9C7E-FB00ECD6751A}.Release|Any CPU.ActiveCfg = Release|Any CPU
		{FDA6E7CF-3925-49AF-9C7E-FB00ECD6751A}.Release|Any CPU.Build.0 = Release|Any CPU
	EndGlobalSection
	GlobalSection(SolutionProperties) = preSolution
		HideSolutionNode = FALSE
	EndGlobalSection
	GlobalSection(ExtensibilityGlobals) = postSolution
		SolutionGuid = {C2720769-3BBE-45FA-8C89-6D4C5320841A}
	EndGlobalSection
EndGlobal
